// !$*UTF8*$!
{
	archiveVersion = 1;
	classes = {
	};
	objectVersion = 46;
	objects = {

/* Begin PBXBuildFile section */
		EFA681E01EB8925A0046D0C2 /* AppDelegate.swift in Sources */ = {isa = PBXBuildFile; fileRef = EFA681DF1EB8925A0046D0C2 /* AppDelegate.swift */; };
		EFA681E21EB8925A0046D0C2 /* ViewController.swift in Sources */ = {isa = PBXBuildFile; fileRef = EFA681E11EB8925A0046D0C2 /* ViewController.swift */; };
		EFA681E51EB8925A0046D0C2 /* Main.storyboard in Resources */ = {isa = PBXBuildFile; fileRef = EFA681E31EB8925A0046D0C2 /* Main.storyboard */; };
		EFA681E71EB8925A0046D0C2 /* Assets.xcassets in Resources */ = {isa = PBXBuildFile; fileRef = EFA681E61EB8925A0046D0C2 /* Assets.xcassets */; };
		EFA681EA1EB8925A0046D0C2 /* LaunchScreen.storyboard in Resources */ = {isa = PBXBuildFile; fileRef = EFA681E81EB8925A0046D0C2 /* LaunchScreen.storyboard */; };
		EFA681F51EB8925A0046D0C2 /* PuzzleTests.swift in Sources */ = {isa = PBXBuildFile; fileRef = EFA681F41EB8925A0046D0C2 /* PuzzleTests.swift */; };
		EFA682001EB8925A0046D0C2 /* PuzzleUITests.swift in Sources */ = {isa = PBXBuildFile; fileRef = EFA681FF1EB8925A0046D0C2 /* PuzzleUITests.swift */; };
/* End PBXBuildFile section */

/* Begin PBXContainerItemProxy section */
		EFA681F11EB8925A0046D0C2 /* PBXContainerItemProxy */ = {
			isa = PBXContainerItemProxy;
			containerPortal = EFA681D41EB8925A0046D0C2 /* Project object */;
			proxyType = 1;
			remoteGlobalIDString = EFA681DB1EB8925A0046D0C2;
			remoteInfo = Puzzle;
		};
		EFA681FC1EB8925A0046D0C2 /* PBXContainerItemProxy */ = {
			isa = PBXContainerItemProxy;
			containerPortal = EFA681D41EB8925A0046D0C2 /* Project object */;
			proxyType = 1;
			remoteGlobalIDString = EFA681DB1EB8925A0046D0C2;
			remoteInfo = Puzzle;
		};
/* End PBXContainerItemProxy section */

/* Begin PBXFileReference section */
		EFA681DC1EB8925A0046D0C2 /* Puzzle.app */ = {isa = PBXFileReference; explicitFileType = wrapper.application; includeInIndex = 0; path = Puzzle.app; sourceTree = BUILT_PRODUCTS_DIR; };
		EFA681DF1EB8925A0046D0C2 /* AppDelegate.swift */ = {isa = PBXFileReference; lastKnownFileType = sourcecode.swift; path = AppDelegate.swift; sourceTree = "<group>"; };
		EFA681E11EB8925A0046D0C2 /* ViewController.swift */ = {isa = PBXFileReference; lastKnownFileType = sourcecode.swift; path = ViewController.swift; sourceTree = "<group>"; };
		EFA681E41EB8925A0046D0C2 /* Base */ = {isa = PBXFileReference; lastKnownFileType = file.storyboard; name = Base; path = Base.lproj/Main.storyboard; sourceTree = "<group>"; };
		EFA681E61EB8925A0046D0C2 /* Assets.xcassets */ = {isa = PBXFileReference; lastKnownFileType = folder.assetcatalog; path = Assets.xcassets; sourceTree = "<group>"; };
		EFA681E91EB8925A0046D0C2 /* Base */ = {isa = PBXFileReference; lastKnownFileType = file.storyboard; name = Base; path = Base.lproj/LaunchScreen.storyboard; sourceTree = "<group>"; };
		EFA681EB1EB8925A0046D0C2 /* Info.plist */ = {isa = PBXFileReference; lastKnownFileType = text.plist.xml; path = Info.plist; sourceTree = "<group>"; };
		EFA681F01EB8925A0046D0C2 /* PuzzleTests.xctest */ = {isa = PBXFileReference; explicitFileType = wrapper.cfbundle; includeInIndex = 0; path = PuzzleTests.xctest; sourceTree = BUILT_PRODUCTS_DIR; };
		EFA681F41EB8925A0046D0C2 /* PuzzleTests.swift */ = {isa = PBXFileReference; lastKnownFileType = sourcecode.swift; path = PuzzleTests.swift; sourceTree = "<group>"; };
		EFA681F61EB8925A0046D0C2 /* Info.plist */ = {isa = PBXFileReference; lastKnownFileType = text.plist.xml; path = Info.plist; sourceTree = "<group>"; };
		EFA681FB1EB8925A0046D0C2 /* PuzzleUITests.xctest */ = {isa = PBXFileReference; explicitFileType = wrapper.cfbundle; includeInIndex = 0; path = PuzzleUITests.xctest; sourceTree = BUILT_PRODUCTS_DIR; };
		EFA681FF1EB8925A0046D0C2 /* PuzzleUITests.swift */ = {isa = PBXFileReference; lastKnownFileType = sourcecode.swift; path = PuzzleUITests.swift; sourceTree = "<group>"; };
		EFA682011EB8925A0046D0C2 /* Info.plist */ = {isa = PBXFileReference; lastKnownFileType = text.plist.xml; path = Info.plist; sourceTree = "<group>"; };
/* End PBXFileReference section */

/* Begin PBXFrameworksBuildPhase section */
		EFA681D91EB8925A0046D0C2 /* Frameworks */ = {
			isa = PBXFrameworksBuildPhase;
			buildActionMask = 2147483647;
			files = (
			);
			runOnlyForDeploymentPostprocessing = 0;
		};
		EFA681ED1EB8925A0046D0C2 /* Frameworks */ = {
			isa = PBXFrameworksBuildPhase;
			buildActionMask = 2147483647;
			files = (
			);
			runOnlyForDeploymentPostprocessing = 0;
		};
		EFA681F81EB8925A0046D0C2 /* Frameworks */ = {
			isa = PBXFrameworksBuildPhase;
			buildActionMask = 2147483647;
			files = (
			);
			runOnlyForDeploymentPostprocessing = 0;
		};
/* End PBXFrameworksBuildPhase section */

/* Begin PBXGroup section */
		EFA681D31EB8925A0046D0C2 = {
			isa = PBXGroup;
			children = (
				EFA681DE1EB8925A0046D0C2 /* Puzzle */,
				EFA681F31EB8925A0046D0C2 /* PuzzleTests */,
				EFA681FE1EB8925A0046D0C2 /* PuzzleUITests */,
				EFA681DD1EB8925A0046D0C2 /* Products */,
			);
			sourceTree = "<group>";
		};
		EFA681DD1EB8925A0046D0C2 /* Products */ = {
			isa = PBXGroup;
			children = (
				EFA681DC1EB8925A0046D0C2 /* Puzzle.app */,
				EFA681F01EB8925A0046D0C2 /* PuzzleTests.xctest */,
				EFA681FB1EB8925A0046D0C2 /* PuzzleUITests.xctest */,
			);
			name = Products;
			sourceTree = "<group>";
		};
		EFA681DE1EB8925A0046D0C2 /* Puzzle */ = {
			isa = PBXGroup;
			children = (
				EFA681DF1EB8925A0046D0C2 /* AppDelegate.swift */,
				EFA681E11EB8925A0046D0C2 /* ViewController.swift */,
				EFA681E31EB8925A0046D0C2 /* Main.storyboard */,
				EFA681E61EB8925A0046D0C2 /* Assets.xcassets */,
				EFA681E81EB8925A0046D0C2 /* LaunchScreen.storyboard */,
				EFA681EB1EB8925A0046D0C2 /* Info.plist */,
			);
			path = Puzzle;
			sourceTree = "<group>";
		};
		EFA681F31EB8925A0046D0C2 /* PuzzleTests */ = {
			isa = PBXGroup;
			children = (
				EFA681F41EB8925A0046D0C2 /* PuzzleTests.swift */,
				EFA681F61EB8925A0046D0C2 /* Info.plist */,
			);
			path = PuzzleTests;
			sourceTree = "<group>";
		};
		EFA681FE1EB8925A0046D0C2 /* PuzzleUITests */ = {
			isa = PBXGroup;
			children = (
				EFA681FF1EB8925A0046D0C2 /* PuzzleUITests.swift */,
				EFA682011EB8925A0046D0C2 /* Info.plist */,
			);
			path = PuzzleUITests;
			sourceTree = "<group>";
		};
/* End PBXGroup section */

/* Begin PBXNativeTarget section */
		EFA681DB1EB8925A0046D0C2 /* Puzzle */ = {
			isa = PBXNativeTarget;
			buildConfigurationList = EFA682041EB8925A0046D0C2 /* Build configuration list for PBXNativeTarget "Puzzle" */;
			buildPhases = (
				EFA681D81EB8925A0046D0C2 /* Sources */,
				EFA681D91EB8925A0046D0C2 /* Frameworks */,
				EFA681DA1EB8925A0046D0C2 /* Resources */,
			);
			buildRules = (
			);
			dependencies = (
			);
			name = Puzzle;
			productName = Puzzle;
			productReference = EFA681DC1EB8925A0046D0C2 /* Puzzle.app */;
			productType = "com.apple.product-type.application";
		};
		EFA681EF1EB8925A0046D0C2 /* PuzzleTests */ = {
			isa = PBXNativeTarget;
			buildConfigurationList = EFA682071EB8925A0046D0C2 /* Build configuration list for PBXNativeTarget "PuzzleTests" */;
			buildPhases = (
				EFA681EC1EB8925A0046D0C2 /* Sources */,
				EFA681ED1EB8925A0046D0C2 /* Frameworks */,
				EFA681EE1EB8925A0046D0C2 /* Resources */,
			);
			buildRules = (
			);
			dependencies = (
				EFA681F21EB8925A0046D0C2 /* PBXTargetDependency */,
			);
			name = PuzzleTests;
			productName = PuzzleTests;
			productReference = EFA681F01EB8925A0046D0C2 /* PuzzleTests.xctest */;
			productType = "com.apple.product-type.bundle.unit-test";
		};
		EFA681FA1EB8925A0046D0C2 /* PuzzleUITests */ = {
			isa = PBXNativeTarget;
			buildConfigurationList = EFA6820A1EB8925A0046D0C2 /* Build configuration list for PBXNativeTarget "PuzzleUITests" */;
			buildPhases = (
				EFA681F71EB8925A0046D0C2 /* Sources */,
				EFA681F81EB8925A0046D0C2 /* Frameworks */,
				EFA681F91EB8925A0046D0C2 /* Resources */,
			);
			buildRules = (
			);
			dependencies = (
				EFA681FD1EB8925A0046D0C2 /* PBXTargetDependency */,
			);
			name = PuzzleUITests;
			productName = PuzzleUITests;
			productReference = EFA681FB1EB8925A0046D0C2 /* PuzzleUITests.xctest */;
			productType = "com.apple.product-type.bundle.ui-testing";
		};
/* End PBXNativeTarget section */

/* Begin PBXProject section */
		EFA681D41EB8925A0046D0C2 /* Project object */ = {
			isa = PBXProject;
			attributes = {
				LastSwiftUpdateCheck = 0830;
				LastUpgradeCheck = 0830;
				ORGANIZATIONNAME = "marky RE";
				TargetAttributes = {
					EFA681DB1EB8925A0046D0C2 = {
						CreatedOnToolsVersion = 8.3.2;
						DevelopmentTeam = 877839YT4B;
						ProvisioningStyle = Automatic;
					};
					EFA681EF1EB8925A0046D0C2 = {
						CreatedOnToolsVersion = 8.3.2;
						DevelopmentTeam = 877839YT4B;
						ProvisioningStyle = Automatic;
						TestTargetID = EFA681DB1EB8925A0046D0C2;
					};
					EFA681FA1EB8925A0046D0C2 = {
						CreatedOnToolsVersion = 8.3.2;
						DevelopmentTeam = 877839YT4B;
						ProvisioningStyle = Automatic;
						TestTargetID = EFA681DB1EB8925A0046D0C2;
					};
				};
			};
			buildConfigurationList = EFA681D71EB8925A0046D0C2 /* Build configuration list for PBXProject "Puzzle" */;
			compatibilityVersion = "Xcode 3.2";
			developmentRegion = English;
			hasScannedForEncodings = 0;
			knownRegions = (
				en,
				Base,
			);
			mainGroup = EFA681D31EB8925A0046D0C2;
			productRefGroup = EFA681DD1EB8925A0046D0C2 /* Products */;
			projectDirPath = "";
			projectRoot = "";
			targets = (
				EFA681DB1EB8925A0046D0C2 /* Puzzle */,
				EFA681EF1EB8925A0046D0C2 /* PuzzleTests */,
				EFA681FA1EB8925A0046D0C2 /* PuzzleUITests */,
			);
		};
/* End PBXProject section */

/* Begin PBXResourcesBuildPhase section */
		EFA681DA1EB8925A0046D0C2 /* Resources */ = {
			isa = PBXResourcesBuildPhase;
			buildActionMask = 2147483647;
			files = (
				EFA681EA1EB8925A0046D0C2 /* LaunchScreen.storyboard in Resources */,
				EFA681E71EB8925A0046D0C2 /* Assets.xcassets in Resources */,
				EFA681E51EB8925A0046D0C2 /* Main.storyboard in Resources */,
			);
			runOnlyForDeploymentPostprocessing = 0;
		};
		EFA681EE1EB8925A0046D0C2 /* Resources */ = {
			isa = PBXResourcesBuildPhase;
			buildActionMask = 2147483647;
			files = (
			);
			runOnlyForDeploymentPostprocessing = 0;
		};
		EFA681F91EB8925A0046D0C2 /* Resources */ = {
			isa = PBXResourcesBuildPhase;
			buildActionMask = 2147483647;
			files = (
			);
			runOnlyForDeploymentPostprocessing = 0;
		};
/* End PBXResourcesBuildPhase section */

/* Begin PBXSourcesBuildPhase section */
		EFA681D81EB8925A0046D0C2 /* Sources */ = {
			isa = PBXSourcesBuildPhase;
			buildActionMask = 2147483647;
			files = (
				EFA681E21EB8925A0046D0C2 /* ViewController.swift in Sources */,
				EFA681E01EB8925A0046D0C2 /* AppDelegate.swift in Sources */,
			);
			runOnlyForDeploymentPostprocessing = 0;
		};
		EFA681EC1EB8925A0046D0C2 /* Sources */ = {
			isa = PBXSourcesBuildPhase;
			buildActionMask = 2147483647;
			files = (
				EFA681F51EB8925A0046D0C2 /* PuzzleTests.swift in Sources */,
			);
			runOnlyForDeploymentPostprocessing = 0;
		};
		EFA681F71EB8925A0046D0C2 /* Sources */ = {
			isa = PBXSourcesBuildPhase;
			buildActionMask = 2147483647;
			files = (
				EFA682001EB8925A0046D0C2 /* PuzzleUITests.swift in Sources */,
			);
			runOnlyForDeploymentPostprocessing = 0;
		};
/* End PBXSourcesBuildPhase section */

/* Begin PBXTargetDependency section */
		EFA681F21EB8925A0046D0C2 /* PBXTargetDependency */ = {
			isa = PBXTargetDependency;
			target = EFA681DB1EB8925A0046D0C2 /* Puzzle */;
			targetProxy = EFA681F11EB8925A0046D0C2 /* PBXContainerItemProxy */;
		};
		EFA681FD1EB8925A0046D0C2 /* PBXTargetDependency */ = {
			isa = PBXTargetDependency;
			target = EFA681DB1EB8925A0046D0C2 /* Puzzle */;
			targetProxy = EFA681FC1EB8925A0046D0C2 /* PBXContainerItemProxy */;
		};
/* End PBXTargetDependency section */

/* Begin PBXVariantGroup section */
		EFA681E31EB8925A0046D0C2 /* Main.storyboard */ = {
			isa = PBXVariantGroup;
			children = (
				EFA681E41EB8925A0046D0C2 /* Base */,
			);
			name = Main.storyboard;
			sourceTree = "<group>";
		};
		EFA681E81EB8925A0046D0C2 /* LaunchScreen.storyboard */ = {
			isa = PBXVariantGroup;
			children = (
				EFA681E91EB8925A0046D0C2 /* Base */,
			);
			name = LaunchScreen.storyboard;
			sourceTree = "<group>";
		};
/* End PBXVariantGroup section */

/* Begin XCBuildConfiguration section */
		EFA682021EB8925A0046D0C2 /* Debug */ = {
			isa = XCBuildConfiguration;
			buildSettings = {
				ALWAYS_SEARCH_USER_PATHS = NO;
				CLANG_ANALYZER_NONNULL = YES;
				CLANG_ANALYZER_NUMBER_OBJECT_CONVERSION = YES_AGGRESSIVE;
				CLANG_CXX_LANGUAGE_STANDARD = "gnu++0x";
				CLANG_CXX_LIBRARY = "libc++";
				CLANG_ENABLE_MODULES = YES;
				CLANG_ENABLE_OBJC_ARC = YES;
				CLANG_WARN_BOOL_CONVERSION = YES;
				CLANG_WARN_CONSTANT_CONVERSION = YES;
				CLANG_WARN_DIRECT_OBJC_ISA_USAGE = YES_ERROR;
				CLANG_WARN_DOCUMENTATION_COMMENTS = YES;
				CLANG_WARN_EMPTY_BODY = YES;
				CLANG_WARN_ENUM_CONVERSION = YES;
				CLANG_WARN_INFINITE_RECURSION = YES;
				CLANG_WARN_INT_CONVERSION = YES;
				CLANG_WARN_OBJC_ROOT_CLASS = YES_ERROR;
				CLANG_WARN_SUSPICIOUS_MOVE = YES;
				CLANG_WARN_UNREACHABLE_CODE = YES;
				CLANG_WARN__DUPLICATE_METHOD_MATCH = YES;
				"CODE_SIGN_IDENTITY[sdk=iphoneos*]" = "iPhone Developer";
				COPY_PHASE_STRIP = NO;
				DEBUG_INFORMATION_FORMAT = dwarf;
				ENABLE_STRICT_OBJC_MSGSEND = YES;
				ENABLE_TESTABILITY = YES;
				GCC_C_LANGUAGE_STANDARD = gnu99;
				GCC_DYNAMIC_NO_PIC = NO;
				GCC_NO_COMMON_BLOCKS = YES;
				GCC_OPTIMIZATION_LEVEL = 0;
				GCC_PREPROCESSOR_DEFINITIONS = (
					"DEBUG=1",
					"$(inherited)",
				);
				GCC_WARN_64_TO_32_BIT_CONVERSION = YES;
				GCC_WARN_ABOUT_RETURN_TYPE = YES_ERROR;
				GCC_WARN_UNDECLARED_SELECTOR = YES;
				GCC_WARN_UNINITIALIZED_AUTOS = YES_AGGRESSIVE;
				GCC_WARN_UNUSED_FUNCTION = YES;
				GCC_WARN_UNUSED_VARIABLE = YES;
				IPHONEOS_DEPLOYMENT_TARGET = 10.3;
				MTL_ENABLE_DEBUG_INFO = YES;
				ONLY_ACTIVE_ARCH = YES;
				SDKROOT = iphoneos;
				SWIFT_ACTIVE_COMPILATION_CONDITIONS = DEBUG;
				SWIFT_OPTIMIZATION_LEVEL = "-Onone";
				TARGETED_DEVICE_FAMILY = "1,2";
			};
			name = Debug;
		};
		EFA682031EB8925A0046D0C2 /* Release */ = {
			isa = XCBuildConfiguration;
			buildSettings = {
				ALWAYS_SEARCH_USER_PATHS = NO;
				CLANG_ANALYZER_NONNULL = YES;
				CLANG_ANALYZER_NUMBER_OBJECT_CONVERSION = YES_AGGRESSIVE;
				CLANG_CXX_LANGUAGE_STANDARD = "gnu++0x";
				CLANG_CXX_LIBRARY = "libc++";
				CLANG_ENABLE_MODULES = YES;
				CLANG_ENABLE_OBJC_ARC = YES;
				CLANG_WARN_BOOL_CONVERSION = YES;
				CLANG_WARN_CONSTANT_CONVERSION = YES;
				CLANG_WARN_DIRECT_OBJC_ISA_USAGE = YES_ERROR;
				CLANG_WARN_DOCUMENTATION_COMMENTS = YES;
				CLANG_WARN_EMPTY_BODY = YES;
				CLANG_WARN_ENUM_CONVERSION = YES;
				CLANG_WARN_INFINITE_RECURSION = YES;
				CLANG_WARN_INT_CONVERSION = YES;
				CLANG_WARN_OBJC_ROOT_CLASS = YES_ERROR;
				CLANG_WARN_SUSPICIOUS_MOVE = YES;
				CLANG_WARN_UNREACHABLE_CODE = YES;
				CLANG_WARN__DUPLICATE_METHOD_MATCH = YES;
				"CODE_SIGN_IDENTITY[sdk=iphoneos*]" = "iPhone Developer";
				COPY_PHASE_STRIP = NO;
				DEBUG_INFORMATION_FORMAT = "dwarf-with-dsym";
				ENABLE_NS_ASSERTIONS = NO;
				ENABLE_STRICT_OBJC_MSGSEND = YES;
				GCC_C_LANGUAGE_STANDARD = gnu99;
				GCC_NO_COMMON_BLOCKS = YES;
				GCC_WARN_64_TO_32_BIT_CONVERSION = YES;
				GCC_WARN_ABOUT_RETURN_TYPE = YES_ERROR;
				GCC_WARN_UNDECLARED_SELECTOR = YES;
				GCC_WARN_UNINITIALIZED_AUTOS = YES_AGGRESSIVE;
				GCC_WARN_UNUSED_FUNCTION = YES;
				GCC_WARN_UNUSED_VARIABLE = YES;
				IPHONEOS_DEPLOYMENT_TARGET = 10.3;
				MTL_ENABLE_DEBUG_INFO = NO;
				SDKROOT = iphoneos;
				SWIFT_OPTIMIZATION_LEVEL = "-Owholemodule";
				TARGETED_DEVICE_FAMILY = "1,2";
				VALIDATE_PRODUCT = YES;
			};
			name = Release;
		};
		EFA682051EB8925A0046D0C2 /* Debug */ = {
			isa = XCBuildConfiguration;
			buildSettings = {
				ASSETCATALOG_COMPILER_APPICON_NAME = AppIcon;
				DEVELOPMENT_TEAM = 877839YT4B;
				INFOPLIST_FILE = Puzzle/Info.plist;
				LD_RUNPATH_SEARCH_PATHS = "$(inherited) @executable_path/Frameworks";
				PRODUCT_BUNDLE_IDENTIFIER = com.stella.Puzzle;
				PRODUCT_NAME = "$(TARGET_NAME)";
				SWIFT_VERSION = 3.0;
			};
			name = Debug;
		};
		EFA682061EB8925A0046D0C2 /* Release */ = {
			isa = XCBuildConfiguration;
			buildSettings = {
				ASSETCATALOG_COMPILER_APPICON_NAME = AppIcon;
				DEVELOPMENT_TEAM = 877839YT4B;
				INFOPLIST_FILE = Puzzle/Info.plist;
				LD_RUNPATH_SEARCH_PATHS = "$(inherited) @executable_path/Frameworks";
				PRODUCT_BUNDLE_IDENTIFIER = com.stella.Puzzle;
				PRODUCT_NAME = "$(TARGET_NAME)";
				SWIFT_VERSION = 3.0;
			};
			name = Release;
		};
		EFA682081EB8925A0046D0C2 /* Debug */ = {
			isa = XCBuildConfiguration;
			buildSettings = {
				ALWAYS_EMBED_SWIFT_STANDARD_LIBRARIES = YES;
				BUNDLE_LOADER = "$(TEST_HOST)";
				DEVELOPMENT_TEAM = 877839YT4B;
				INFOPLIST_FILE = PuzzleTests/Info.plist;
				LD_RUNPATH_SEARCH_PATHS = "$(inherited) @executable_path/Frameworks @loader_path/Frameworks";
				PRODUCT_BUNDLE_IDENTIFIER = com.stella.PuzzleTests;
				PRODUCT_NAME = "$(TARGET_NAME)";
				SWIFT_VERSION = 3.0;
				TEST_HOST = "$(BUILT_PRODUCTS_DIR)/Puzzle.app/Puzzle";
			};
			name = Debug;
		};
		EFA682091EB8925A0046D0C2 /* Release */ = {
			isa = XCBuildConfiguration;
			buildSettings = {
				ALWAYS_EMBED_SWIFT_STANDARD_LIBRARIES = YES;
				BUNDLE_LOADER = "$(TEST_HOST)";
				DEVELOPMENT_TEAM = 877839YT4B;
				INFOPLIST_FILE = PuzzleTests/Info.plist;
				LD_RUNPATH_SEARCH_PATHS = "$(inherited) @executable_path/Frameworks @loader_path/Frameworks";
				PRODUCT_BUNDLE_IDENTIFIER = com.stella.PuzzleTests;
				PRODUCT_NAME = "$(TARGET_NAME)";
				SWIFT_VERSION = 3.0;
				TEST_HOST = "$(BUILT_PRODUCTS_DIR)/Puzzle.app/Puzzle";
			};
			name = Release;
		};
		EFA6820B1EB8925A0046D0C2 /* Debug */ = {
			isa = XCBuildConfiguration;
			buildSettings = {
				ALWAYS_EMBED_SWIFT_STANDARD_LIBRARIES = YES;
				DEVELOPMENT_TEAM = 877839YT4B;
				INFOPLIST_FILE = PuzzleUITests/Info.plist;
				LD_RUNPATH_SEARCH_PATHS = "$(inherited) @executable_path/Frameworks @loader_path/Frameworks";
				PRODUCT_BUNDLE_IDENTIFIER = com.stella.PuzzleUITests;
				PRODUCT_NAME = "$(TARGET_NAME)";
				SWIFT_VERSION = 3.0;
				TEST_TARGET_NAME = Puzzle;
			};
			name = Debug;
		};
		EFA6820C1EB8925A0046D0C2 /* Release */ = {
			isa = XCBuildConfiguration;
			buildSettings = {
				ALWAYS_EMBED_SWIFT_STANDARD_LIBRARIES = YES;
				DEVELOPMENT_TEAM = 877839YT4B;
				INFOPLIST_FILE = PuzzleUITests/Info.plist;
				LD_RUNPATH_SEARCH_PATHS = "$(inherited) @executable_path/Frameworks @loader_path/Frameworks";
				PRODUCT_BUNDLE_IDENTIFIER = com.stella.PuzzleUITests;
				PRODUCT_NAME = "$(TARGET_NAME)";
				SWIFT_VERSION = 3.0;
				TEST_TARGET_NAME = Puzzle;
			};
			name = Release;
		};
/* End XCBuildConfiguration section */

/* Begin XCConfigurationList section */
		EFA681D71EB8925A0046D0C2 /* Build configuration list for PBXProject "Puzzle" */ = {
			isa = XCConfigurationList;
			buildConfigurations = (
				EFA682021EB8925A0046D0C2 /* Debug */,
				EFA682031EB8925A0046D0C2 /* Release */,
			);
			defaultConfigurationIsVisible = 0;
			defaultConfigurationName = Release;
		};
		EFA682041EB8925A0046D0C2 /* Build configuration list for PBXNativeTarget "Puzzle" */ = {
			isa = XCConfigurationList;
			buildConfigurations = (
				EFA682051EB8925A0046D0C2 /* Debug */,
				EFA682061EB8925A0046D0C2 /* Release */,
			);
			defaultConfigurationIsVisible = 0;
		};
		EFA682071EB8925A0046D0C2 /* Build configuration list for PBXNativeTarget "PuzzleTests" */ = {
			isa = XCConfigurationList;
			buildConfigurations = (
				EFA682081EB8925A0046D0C2 /* Debug */,
				EFA682091EB8925A0046D0C2 /* Release */,
			);
			defaultConfigurationIsVisible = 0;
		};
		EFA6820A1EB8925A0046D0C2 /* Build configuration list for PBXNativeTarget "PuzzleUITests" */ = {
			isa = XCConfigurationList;
			buildConfigurations = (
				EFA6820B1EB8925A0046D0C2 /* Debug */,
				EFA6820C1EB8925A0046D0C2 /* Release */,
			);
			defaultConfigurationIsVisible = 0;
		};
/* End XCConfigurationList section */
	};
	rootObject = EFA681D41EB8925A0046D0C2 /* Project object */;
}
